{
  "name": "sugar-force-domo",
  "lockfileVersion": 3,
  "requires": true,
  "packages": {
    "": {
      "dependencies": {
        "ryuu.js": "^4.3.1"
      }
    },
    "node_modules/ryuu.js": {
      "version": "4.3.1",
      "resolved": "https://registry.npmjs.org/ryuu.js/-/ryuu.js-4.3.1.tgz",
      "integrity": "sha512-3AwO6jICYrBSCUxHMmm+KRbWUlH50coGgG9cwXEam/lQGKbh+M2RjMYN7+mll+hvWM1T1KrRfWzD99WcbHnT6w=="
    }
  }
}
